
Microsoft Visual Studio Solution File, Format Version 12.00
# Visual Studio Version 17
VisualStudioVersion = 17.1.32421.90
MinimumVisualStudioVersion = 10.0.40219.1
Project("{FAE04EC0-301F-11D3-BF4B-00C04F79EFBC}") = "EmployeeApp", "EmployeeApp\EmployeeApp.csproj", "{44D85AE1-7F4C-45F8-9AF6-D42920A40C3B}"
EndProject
Global
	GlobalSection(SolutionConfigurationPlatforms) = preSolution
		Debug|Any CPU = Debug|Any CPU
		Release|Any CPU = Release|Any CPU
	EndGlobalSection
	GlobalSection(ProjectConfigurationPlatforms) = postSolution
		{44D85AE1-7F4C-45F8-9AF6-D42920A40C3B}.Debug|Any CPU.ActiveCfg = Debug|Any CPU
		{44D85AE1-7F4C-45F8-9AF6-D42920A40C3B}.Debug|Any CPU.Build.0 = Debug|Any CPU
		{44D85AE1-7F4C-45F8-9AF6-D42920A40C3B}.Release|Any CPU.ActiveCfg = Release|Any CPU
		{44D85AE1-7F4C-45F8-9AF6-D42920A40C3B}.Release|Any CPU.Build.0 = Release|Any CPU
	EndGlobalSection
	GlobalSection(SolutionProperties) = preSolution
		HideSolutionNode = FALSE
	EndGlobalSection
	GlobalSection(ExtensibilityGlobals) = postSolution
		SolutionGuid = {18394A4F-6D57-426F-860E-939DF4DFD5B8}
	EndGlobalSection
EndGlobal
